
Microsoft Visual Studio Solution File, Format Version 12.00
# Visual Studio Version 17
VisualStudioVersion = 17.9.34728.123
MinimumVisualStudioVersion = 10.0.40219.1
Project("{9A19103F-16F7-4668-BE54-9A1E7A4F7556}") = "Insphere.API", "Insphere.API.csproj", "{90A82468-5289-4CBC-8790-1A6B8FE6A252}"
EndProject
Project("{9A19103F-16F7-4668-BE54-9A1E7A4F7556}") = "Insphere.Global", "..\Insphere.Global\Insphere.Global.csproj", "{69272D24-5186-412E-92E8-CBE9BDA3A4CB}"
EndProject
Global
	GlobalSection(SolutionConfigurationPlatforms) = preSolution
		Debug|Any CPU = Debug|Any CPU
		Release|Any CPU = Release|Any CPU
	EndGlobalSection
	GlobalSection(ProjectConfigurationPlatforms) = postSolution
		{90A82468-5289-4CBC-8790-1A6B8FE6A252}.Debug|Any CPU.ActiveCfg = Debug|Any CPU
		{90A82468-5289-4CBC-8790-1A6B8FE6A252}.Debug|Any CPU.Build.0 = Debug|Any CPU
		{90A82468-5289-4CBC-8790-1A6B8FE6A252}.Release|Any CPU.ActiveCfg = Release|Any CPU
		{90A82468-5289-4CBC-8790-1A6B8FE6A252}.Release|Any CPU.Build.0 = Release|Any CPU
		{69272D24-5186-412E-92E8-CBE9BDA3A4CB}.Debug|Any CPU.ActiveCfg = Debug|Any CPU
		{69272D24-5186-412E-92E8-CBE9BDA3A4CB}.Debug|Any CPU.Build.0 = Debug|Any CPU
		{69272D24-5186-412E-92E8-CBE9BDA3A4CB}.Release|Any CPU.ActiveCfg = Release|Any CPU
		{69272D24-5186-412E-92E8-CBE9BDA3A4CB}.Release|Any CPU.Build.0 = Release|Any CPU
	EndGlobalSection
	GlobalSection(SolutionProperties) = preSolution
		HideSolutionNode = FALSE
	EndGlobalSection
	GlobalSection(ExtensibilityGlobals) = postSolution
		SolutionGuid = {47EB630C-72C9-4582-991C-59A6E328947A}
	EndGlobalSection
EndGlobal
